# Code generated by scarb DO NOT EDIT.
version = 1

[[package]]
name = "alexandria_data_structures"
version = "0.1.0"
source = "git+https://github.com/keep-starknet-strange/alexandria?rev=69e36b9db8bd7eae597d549dcb2c22d573f4829d#69e36b9db8bd7eae597d549dcb2c22d573f4829d"

[[package]]
name = "alexandria_math"
version = "0.2.0"
source = "git+https://github.com/keep-starknet-strange/alexandria?rev=69e36b9db8bd7eae597d549dcb2c22d573f4829d#69e36b9db8bd7eae597d549dcb2c22d573f4829d"
dependencies = [
 "alexandria_data_structures",
]

[[package]]
name = "hello_world"
version = "0.1.0"
dependencies = [
 "alexandria_math",
]
